
Microsoft Visual Studio Solution File, Format Version 12.00
# Visual Studio Version 17
VisualStudioVersion = 17.5.002.0
MinimumVisualStudioVersion = 10.0.40219.1
Project("{2150E333-8FDC-42A3-9474-1A3956D46DE8}") = "backend", "backend", "{CB944464-3924-4DC4-A8AE-C1933B04D9E2}"
EndProject
Project("{9A19103F-16F7-4668-BE54-9A1E7A4F7556}") = "api", "backend\api\api.csproj", "{2A8FD934-AEDF-4F2D-994B-1BE53A6C386C}"
EndProject
Global
	GlobalSection(SolutionConfigurationPlatforms) = preSolution
		Debug|Any CPU = Debug|Any CPU
		Release|Any CPU = Release|Any CPU
	EndGlobalSection
	GlobalSection(ProjectConfigurationPlatforms) = postSolution
		{2A8FD934-AEDF-4F2D-994B-1BE53A6C386C}.Debug|Any CPU.ActiveCfg = Debug|Any CPU
		{2A8FD934-AEDF-4F2D-994B-1BE53A6C386C}.Debug|Any CPU.Build.0 = Debug|Any CPU
		{2A8FD934-AEDF-4F2D-994B-1BE53A6C386C}.Release|Any CPU.ActiveCfg = Release|Any CPU
		{2A8FD934-AEDF-4F2D-994B-1BE53A6C386C}.Release|Any CPU.Build.0 = Release|Any CPU
	EndGlobalSection
	GlobalSection(SolutionProperties) = preSolution
		HideSolutionNode = FALSE
	EndGlobalSection
	GlobalSection(NestedProjects) = preSolution
		{2A8FD934-AEDF-4F2D-994B-1BE53A6C386C} = {CB944464-3924-4DC4-A8AE-C1933B04D9E2}
	EndGlobalSection
	GlobalSection(ExtensibilityGlobals) = postSolution
		SolutionGuid = {C77627C9-40C1-42A9-99A1-F681420A9978}
	EndGlobalSection
EndGlobal
